schema: '2.0'
stages:
  data_cleaning:
    cmd: python src/data_cleaning.py
    deps:
    - path: data/raw/swiggy.csv
      hash: md5
      md5: 0b050b37dfe6cfbfaa18d7cb4e454377
      size: 7772212
    - path: src/data_cleaning.py
      hash: md5
      md5: ae6375f08f0ccf1248bff9788da6708a
      size: 10039
    outs:
    - path: data/cleaned/swiggy_cleaned.csv
      hash: md5
      md5: 9fc24164b5171134e3ebc44e7913703d
      size: 5173031
  data_preparation:
    cmd: python src/data_preparation.py
    deps:
    - path: data/cleaned/swiggy_cleaned.csv
      hash: md5
      md5: 9fc24164b5171134e3ebc44e7913703d
      size: 5173031
    - path: src/data_preparation.py
      hash: md5
      md5: 1c2171445ccbeaa7ef241189541253c0
      size: 5515
    params:
      params.yaml:
        data_preparation.random_state: 42
        data_preparation.test_size: 0.25
    outs:
    - path: data/interim/test_data.csv
      hash: md5
      md5: cb22eee210baa0347ea589426eccbf2d
      size: 1291911
    - path: data/interim/train_data.csv
      hash: md5
      md5: 570d42e704dc3ffc8cfd44651db8f776
      size: 3873922
  data_preprocessing:
    cmd: python src/data_preprocessing.py
    deps:
    - path: data/interim/test_data.csv
      hash: md5
      md5: cb22eee210baa0347ea589426eccbf2d
      size: 1291911
    - path: data/interim/train_data.csv
      hash: md5
      md5: 570d42e704dc3ffc8cfd44651db8f776
      size: 3873922
    - path: src/data_preprocessing.py
      hash: md5
      md5: d66a69d2af247a7726e0be6ee71a21fc
      size: 5693
    outs:
    - path: data/processed/x_train_trans.pkl
      hash: md5
      md5: 7295c33b75aa20404bb8cce2b9861676
      size: 12552571
    - path: data/processed/y_train.pkl
      hash: md5
      md5: 8459672f6472a67cc89f8a4f70f26184
      size: 228353
