schema: '2.0'
stages:
  data_cleaning:
    cmd: python src/data/data_cleaning.py
    deps:
    - path: data/raw/swiggy.csv
      hash: md5
      md5: 55bd6cc42f2360b5de9569cf9cbd8342
      size: 7726618
    - path: src/data/data_cleaning.py
      hash: md5
      md5: c84cb672446e4409c7172c786c6e76f4
      size: 10168
    outs:
    - path: data/cleaned/swiggy_cleaned.csv
      hash: md5
      md5: b736312a2a0d5064deb20f5a610a2ddc
      size: 5084092
  data_preparation:
    cmd: python src/data/data_preparation.py
    deps:
    - path: data/cleaned/swiggy_cleaned.csv
      hash: md5
      md5: b736312a2a0d5064deb20f5a610a2ddc
      size: 5084092
    - path: src/data/data_preparation.py
      hash: md5
      md5: 25f6e43bfa2a1e5708d9250d8a8a33ec
      size: 5522
    params:
      params.yaml:
        data_preparation.random_state: 30
        data_preparation.test_size: 0.25
    outs:
    - path: data/interim/test_data.csv
      hash: md5
      md5: 53f8de0893ec58e726dbea48e2e2b23d
      size: 1268825
    - path: data/interim/train_data.csv
      hash: md5
      md5: d6a058d29da1b77f0af50c777d84170e
      size: 3806537
  data_preprocessing:
    cmd: python src/feature_engineering/data_preprocessing.py
    deps:
    - path: data/interim/test_data.csv
      hash: md5
      md5: 53f8de0893ec58e726dbea48e2e2b23d
      size: 1268825
    - path: data/interim/train_data.csv
      hash: md5
      md5: d6a058d29da1b77f0af50c777d84170e
      size: 3806537
    - path: src/feature_engineering/data_preprocessing.py
      hash: md5
      md5: ba00426e984531bac80c738dcf841dfb
      size: 5677
    outs:
    - path: data/processed/x_train_trans.pkl
      hash: md5
      md5: 81afeac92d21d4b6d830645c5e40eaa5
      size: 12556971
    - path: data/processed/y_train.pkl
      hash: md5
      md5: 7c65e6a3316b15b5f46fc0a40678c70f
      size: 228433
  model_building:
    cmd: python src/model/model_building.py
    deps:
    - path: data/processed/x_train_trans.pkl
      hash: md5
      md5: 81afeac92d21d4b6d830645c5e40eaa5
      size: 12556971
    - path: data/processed/y_train.pkl
      hash: md5
      md5: 7c65e6a3316b15b5f46fc0a40678c70f
      size: 228433
    - path: src/model/model_building.py
      hash: md5
      md5: d2799de1a51ff1e5a1f9195cc2c0feb6
      size: 4796
    params:
      params.yaml:
        model_building.lgbm_params:
          num_leaves: 80
          max_depth: 7
          learning_rate: 0.07521051144940308
          n_estimators: 350
          lambda_l1: 4.994553000952651
          lambda_l2: 1.8523641834042492
          min_data_in_leaf: 45
          feature_fraction: 0.7095710565305883
          bagging_fraction: 0.9976539330187573
          bagging_freq: 4
        model_building.rf_params:
          n_estimators: 400
          max_depth: 21
          min_samples_split: 18
          min_samples_leaf: 10
          bootstrap: true
          max_samples: 0.7634340439115328
          min_impurity_decrease: 3.465395379320017e-05
    outs:
    - path: src/model/model.pkl
      hash: md5
      md5: e45674177b6594b1ac4bc47f6aa64283
      size: 37732529
    - path: src/model/transformer.pkl
      hash: md5
      md5: 335d0bfb8d08a453144ea233794643e5
      size: 144
  model_evaluation:
    cmd: python src/model/model_evaluation.py
    deps:
    - path: data/interim/test_data.csv
      hash: md5
      md5: 53f8de0893ec58e726dbea48e2e2b23d
      size: 1268825
    - path: data/interim/train_data.csv
      hash: md5
      md5: d6a058d29da1b77f0af50c777d84170e
      size: 3806537
    - path: data/processed/preprocessor.pkl
      hash: md5
      md5: fc4227b835b02b92da2e7cf8c6082dbc
      size: 5164
    - path: src/model/model.pkl
      hash: md5
      md5: e45674177b6594b1ac4bc47f6aa64283
      size: 37732529
    - path: src/model/model_evaluation.py
      hash: md5
      md5: 1e7e19ee71c113f8c013226a84029058
      size: 10732
    outs:
    - path: run_information.json
      hash: md5
      md5: f779ff46b4cacbe0f69b1d33f6ebd0c6
      size: 216
  register_model:
    cmd: python src/model/register_model.py
    deps:
    - path: run_information.json
      hash: md5
      md5: f779ff46b4cacbe0f69b1d33f6ebd0c6
      size: 216
    - path: src/model/register_model.py
      hash: md5
      md5: b994e25d70968c02885d84b98f0cc13c
      size: 3566
