schema: '2.0'
stages:
  data_cleaning:
    cmd: python src/data_cleaning.py
    deps:
    - path: data/raw/swiggy.csv
      hash: md5
      md5: 0b050b37dfe6cfbfaa18d7cb4e454377
      size: 7772212
    - path: src/data_cleaning.py
      hash: md5
      md5: ae6375f08f0ccf1248bff9788da6708a
      size: 10039
    outs:
    - path: data/cleaned/swiggy_cleaned.csv
      hash: md5
      md5: 9fc24164b5171134e3ebc44e7913703d
      size: 5173031
  data_preparation:
    cmd: python src/data_preparation.py
    deps:
    - path: data/cleaned/swiggy_cleaned.csv
      hash: md5
      md5: 9fc24164b5171134e3ebc44e7913703d
      size: 5173031
    - path: src/data_preparation.py
      hash: md5
      md5: 1c2171445ccbeaa7ef241189541253c0
      size: 5515
    params:
      params.yaml:
        data_preparation.random_state: 42
        data_preparation.test_size: 0.25
    outs:
    - path: data/interim/test_data.csv
      hash: md5
      md5: cb22eee210baa0347ea589426eccbf2d
      size: 1291911
    - path: data/interim/train_data.csv
      hash: md5
      md5: 570d42e704dc3ffc8cfd44651db8f776
      size: 3873922
  data_preprocessing:
    cmd: python src/data_preprocessing.py
    deps:
    - path: data/interim/test_data.csv
      hash: md5
      md5: cb22eee210baa0347ea589426eccbf2d
      size: 1291911
    - path: data/interim/train_data.csv
      hash: md5
      md5: 570d42e704dc3ffc8cfd44651db8f776
      size: 3873922
    - path: src/data_preprocessing.py
      hash: md5
      md5: d66a69d2af247a7726e0be6ee71a21fc
      size: 5693
    outs:
    - path: data/processed/x_train_trans.pkl
      hash: md5
      md5: 7295c33b75aa20404bb8cce2b9861676
      size: 12552571
    - path: data/processed/y_train.pkl
      hash: md5
      md5: 8459672f6472a67cc89f8a4f70f26184
      size: 228353
  model_building:
    cmd: python src/model/model_building.py
    deps:
    - path: data/processed/x_train_trans.pkl
      hash: md5
      md5: 7295c33b75aa20404bb8cce2b9861676
      size: 12552571
    - path: data/processed/y_train.pkl
      hash: md5
      md5: 8459672f6472a67cc89f8a4f70f26184
      size: 228353
    - path: src/model/model_building.py
      hash: md5
      md5: 15730e8cf3b6a44d012282ad4478a34e
      size: 4971
    params:
      params.yaml:
        model_building.lgbm_params:
          num_leaves: 80
          max_depth: 7
          learning_rate: 0.07521051144940308
          n_estimators: 350
          lambda_l1: 4.994553000952651
          lambda_l2: 1.8523641834042492
          min_data_in_leaf: 45
          feature_fraction: 0.7095710565305883
          bagging_fraction: 0.9976539330187573
          bagging_freq: 4
        model_building.rf_params:
          n_estimators: 400
          max_depth: 21
          min_samples_split: 18
          min_samples_leaf: 10
          bootstrap: true
          max_samples: 0.7634340439115328
          min_impurity_decrease: 3.465395379320017e-05
    outs:
    - path: src/model/model.pkl
      hash: md5
      md5: be2247e414813e165aa7d93fb3c49969
      size: 37520561
    - path: src/model/transformer.pkl
      hash: md5
      md5: 335d0bfb8d08a453144ea233794643e5
      size: 144
  model_evaluation:
    cmd: python src/model/model_evaluation.py
    deps:
    - path: data/interim/test_data.csv
      hash: md5
      md5: cb22eee210baa0347ea589426eccbf2d
      size: 1291911
    - path: data/interim/train_data.csv
      hash: md5
      md5: 570d42e704dc3ffc8cfd44651db8f776
      size: 3873922
    - path: data\processed\preprocessor.pkl
      hash: md5
      md5: f86c4db997dce6f73a8e5afb85525a47
      size: 5187
    - path: src/model/model.pkl
      hash: md5
      md5: be2247e414813e165aa7d93fb3c49969
      size: 37520561
    - path: src/model/model_evaluation.py
      hash: md5
      md5: 549f96ff214542a44eee461864361846
      size: 10895
